
Microsoft Visual Studio Solution File, Format Version 12.00
# Visual Studio Version 17
VisualStudioVersion = 17.1.32210.238
MinimumVisualStudioVersion = 10.0.40219.1
Project("{FAE04EC0-301F-11D3-BF4B-00C04F79EFBC}") = "BookTrackApp", "BookTrackApp\BookTrackApp.csproj", "{3185BA87-8576-4E3F-8AF5-82E6BA32F43E}"
EndProject
Global
	GlobalSection(SolutionConfigurationPlatforms) = preSolution
		Debug|Any CPU = Debug|Any CPU
		Release|Any CPU = Release|Any CPU
	EndGlobalSection
	GlobalSection(ProjectConfigurationPlatforms) = postSolution
		{3185BA87-8576-4E3F-8AF5-82E6BA32F43E}.Debug|Any CPU.ActiveCfg = Debug|Any CPU
		{3185BA87-8576-4E3F-8AF5-82E6BA32F43E}.Debug|Any CPU.Build.0 = Debug|Any CPU
		{3185BA87-8576-4E3F-8AF5-82E6BA32F43E}.Release|Any CPU.ActiveCfg = Release|Any CPU
		{3185BA87-8576-4E3F-8AF5-82E6BA32F43E}.Release|Any CPU.Build.0 = Release|Any CPU
	EndGlobalSection
	GlobalSection(SolutionProperties) = preSolution
		HideSolutionNode = FALSE
	EndGlobalSection
	GlobalSection(ExtensibilityGlobals) = postSolution
		SolutionGuid = {2D918616-8CCC-479F-B1FE-9DC628872F14}
	EndGlobalSection
EndGlobal
